
Microsoft Visual Studio Solution File, Format Version 11.00
# Visual Studio 2010
Project("{FAE04EC0-301F-11D3-BF4B-00C04F79EFBC}") = "Assembly-CSharp", "Assembly-CSharp.csproj", "{4764f976-ad25-ccaf-24f4-c0da90c0fe85}"
EndProject
Project("{FAE04EC0-301F-11D3-BF4B-00C04F79EFBC}") = "Assembly-CSharp-Editor", "Assembly-CSharp-Editor.csproj", "{50b6e408-71e8-0176-2654-3ac892a76d31}"
EndProject
Global
	GlobalSection(SolutionConfigurationPlatforms) = preSolution
		Debug|Any CPU = Debug|Any CPU
	EndGlobalSection
	GlobalSection(ProjectConfigurationPlatforms) = postSolution
		{4764f976-ad25-ccaf-24f4-c0da90c0fe85}.Debug|Any CPU.ActiveCfg = Debug|Any CPU
		{4764f976-ad25-ccaf-24f4-c0da90c0fe85}.Debug|Any CPU.Build.0 = Debug|Any CPU
		{50b6e408-71e8-0176-2654-3ac892a76d31}.Debug|Any CPU.ActiveCfg = Debug|Any CPU
		{50b6e408-71e8-0176-2654-3ac892a76d31}.Debug|Any CPU.Build.0 = Debug|Any CPU
	EndGlobalSection
	GlobalSection(SolutionProperties) = preSolution
		HideSolutionNode = FALSE
	EndGlobalSection
EndGlobal
